
Microsoft Visual Studio Solution File, Format Version 12.00
# Visual Studio 15
VisualStudioVersion = 15.0.26124.0
MinimumVisualStudioVersion = 15.0.26124.0
Project("{2150E333-8FDC-42A3-9474-1A3956D46DE8}") = "src", "src", "{8A7B5F4F-9908-446B-AA37-4075C818ADEF}"
EndProject
Project("{FAE04EC0-301F-11D3-BF4B-00C04F79EFBC}") = "Domain", "src\Domain\Domain.csproj", "{D8C2FBA0-3518-4300-98D4-7E0BE16E29DE}"
EndProject
Project("{FAE04EC0-301F-11D3-BF4B-00C04F79EFBC}") = "Application", "src\Application\Application.csproj", "{6FF4E16B-6B32-4083-9F79-205CFB6F0C9F}"
EndProject
Project("{FAE04EC0-301F-11D3-BF4B-00C04F79EFBC}") = "Infra", "src\Infra\Infra.csproj", "{B7BAC8F4-FC79-478A-82C2-B405137D1ACC}"
EndProject
Project("{2150E333-8FDC-42A3-9474-1A3956D46DE8}") = "tests", "tests", "{EBA1EFB7-B479-441D-A927-EFF3B3579E9E}"
EndProject
Project("{FAE04EC0-301F-11D3-BF4B-00C04F79EFBC}") = "UnitTests", "tests\UnitTests\UnitTests.csproj", "{BA1C16B6-63ED-4DB2-B4DC-67934B7A9383}"
EndProject
Project("{FAE04EC0-301F-11D3-BF4B-00C04F79EFBC}") = "WebApi", "src\WebApi\WebApi.csproj", "{418107C3-1274-4D92-A280-EBD40DF34D7B}"
EndProject
Global
	GlobalSection(SolutionConfigurationPlatforms) = preSolution
		Debug|Any CPU = Debug|Any CPU
		Debug|x64 = Debug|x64
		Debug|x86 = Debug|x86
		Release|Any CPU = Release|Any CPU
		Release|x64 = Release|x64
		Release|x86 = Release|x86
	EndGlobalSection
	GlobalSection(SolutionProperties) = preSolution
		HideSolutionNode = FALSE
	EndGlobalSection
	GlobalSection(ProjectConfigurationPlatforms) = postSolution
		{D8C2FBA0-3518-4300-98D4-7E0BE16E29DE}.Debug|Any CPU.ActiveCfg = Debug|Any CPU
		{D8C2FBA0-3518-4300-98D4-7E0BE16E29DE}.Debug|Any CPU.Build.0 = Debug|Any CPU
		{D8C2FBA0-3518-4300-98D4-7E0BE16E29DE}.Debug|x64.ActiveCfg = Debug|Any CPU
		{D8C2FBA0-3518-4300-98D4-7E0BE16E29DE}.Debug|x64.Build.0 = Debug|Any CPU
		{D8C2FBA0-3518-4300-98D4-7E0BE16E29DE}.Debug|x86.ActiveCfg = Debug|Any CPU
		{D8C2FBA0-3518-4300-98D4-7E0BE16E29DE}.Debug|x86.Build.0 = Debug|Any CPU
		{D8C2FBA0-3518-4300-98D4-7E0BE16E29DE}.Release|Any CPU.ActiveCfg = Release|Any CPU
		{D8C2FBA0-3518-4300-98D4-7E0BE16E29DE}.Release|Any CPU.Build.0 = Release|Any CPU
		{D8C2FBA0-3518-4300-98D4-7E0BE16E29DE}.Release|x64.ActiveCfg = Release|Any CPU
		{D8C2FBA0-3518-4300-98D4-7E0BE16E29DE}.Release|x64.Build.0 = Release|Any CPU
		{D8C2FBA0-3518-4300-98D4-7E0BE16E29DE}.Release|x86.ActiveCfg = Release|Any CPU
		{D8C2FBA0-3518-4300-98D4-7E0BE16E29DE}.Release|x86.Build.0 = Release|Any CPU
		{6FF4E16B-6B32-4083-9F79-205CFB6F0C9F}.Debug|Any CPU.ActiveCfg = Debug|Any CPU
		{6FF4E16B-6B32-4083-9F79-205CFB6F0C9F}.Debug|Any CPU.Build.0 = Debug|Any CPU
		{6FF4E16B-6B32-4083-9F79-205CFB6F0C9F}.Debug|x64.ActiveCfg = Debug|Any CPU
		{6FF4E16B-6B32-4083-9F79-205CFB6F0C9F}.Debug|x64.Build.0 = Debug|Any CPU
		{6FF4E16B-6B32-4083-9F79-205CFB6F0C9F}.Debug|x86.ActiveCfg = Debug|Any CPU
		{6FF4E16B-6B32-4083-9F79-205CFB6F0C9F}.Debug|x86.Build.0 = Debug|Any CPU
		{6FF4E16B-6B32-4083-9F79-205CFB6F0C9F}.Release|Any CPU.ActiveCfg = Release|Any CPU
		{6FF4E16B-6B32-4083-9F79-205CFB6F0C9F}.Release|Any CPU.Build.0 = Release|Any CPU
		{6FF4E16B-6B32-4083-9F79-205CFB6F0C9F}.Release|x64.ActiveCfg = Release|Any CPU
		{6FF4E16B-6B32-4083-9F79-205CFB6F0C9F}.Release|x64.Build.0 = Release|Any CPU
		{6FF4E16B-6B32-4083-9F79-205CFB6F0C9F}.Release|x86.ActiveCfg = Release|Any CPU
		{6FF4E16B-6B32-4083-9F79-205CFB6F0C9F}.Release|x86.Build.0 = Release|Any CPU
		{B7BAC8F4-FC79-478A-82C2-B405137D1ACC}.Debug|Any CPU.ActiveCfg = Debug|Any CPU
		{B7BAC8F4-FC79-478A-82C2-B405137D1ACC}.Debug|Any CPU.Build.0 = Debug|Any CPU
		{B7BAC8F4-FC79-478A-82C2-B405137D1ACC}.Debug|x64.ActiveCfg = Debug|Any CPU
		{B7BAC8F4-FC79-478A-82C2-B405137D1ACC}.Debug|x64.Build.0 = Debug|Any CPU
		{B7BAC8F4-FC79-478A-82C2-B405137D1ACC}.Debug|x86.ActiveCfg = Debug|Any CPU
		{B7BAC8F4-FC79-478A-82C2-B405137D1ACC}.Debug|x86.Build.0 = Debug|Any CPU
		{B7BAC8F4-FC79-478A-82C2-B405137D1ACC}.Release|Any CPU.ActiveCfg = Release|Any CPU
		{B7BAC8F4-FC79-478A-82C2-B405137D1ACC}.Release|Any CPU.Build.0 = Release|Any CPU
		{B7BAC8F4-FC79-478A-82C2-B405137D1ACC}.Release|x64.ActiveCfg = Release|Any CPU
		{B7BAC8F4-FC79-478A-82C2-B405137D1ACC}.Release|x64.Build.0 = Release|Any CPU
		{B7BAC8F4-FC79-478A-82C2-B405137D1ACC}.Release|x86.ActiveCfg = Release|Any CPU
		{B7BAC8F4-FC79-478A-82C2-B405137D1ACC}.Release|x86.Build.0 = Release|Any CPU
		{BA1C16B6-63ED-4DB2-B4DC-67934B7A9383}.Debug|Any CPU.ActiveCfg = Debug|Any CPU
		{BA1C16B6-63ED-4DB2-B4DC-67934B7A9383}.Debug|Any CPU.Build.0 = Debug|Any CPU
		{BA1C16B6-63ED-4DB2-B4DC-67934B7A9383}.Debug|x64.ActiveCfg = Debug|Any CPU
		{BA1C16B6-63ED-4DB2-B4DC-67934B7A9383}.Debug|x64.Build.0 = Debug|Any CPU
		{BA1C16B6-63ED-4DB2-B4DC-67934B7A9383}.Debug|x86.ActiveCfg = Debug|Any CPU
		{BA1C16B6-63ED-4DB2-B4DC-67934B7A9383}.Debug|x86.Build.0 = Debug|Any CPU
		{BA1C16B6-63ED-4DB2-B4DC-67934B7A9383}.Release|Any CPU.ActiveCfg = Release|Any CPU
		{BA1C16B6-63ED-4DB2-B4DC-67934B7A9383}.Release|Any CPU.Build.0 = Release|Any CPU
		{BA1C16B6-63ED-4DB2-B4DC-67934B7A9383}.Release|x64.ActiveCfg = Release|Any CPU
		{BA1C16B6-63ED-4DB2-B4DC-67934B7A9383}.Release|x64.Build.0 = Release|Any CPU
		{BA1C16B6-63ED-4DB2-B4DC-67934B7A9383}.Release|x86.ActiveCfg = Release|Any CPU
		{BA1C16B6-63ED-4DB2-B4DC-67934B7A9383}.Release|x86.Build.0 = Release|Any CPU
		{418107C3-1274-4D92-A280-EBD40DF34D7B}.Debug|Any CPU.ActiveCfg = Debug|Any CPU
		{418107C3-1274-4D92-A280-EBD40DF34D7B}.Debug|Any CPU.Build.0 = Debug|Any CPU
		{418107C3-1274-4D92-A280-EBD40DF34D7B}.Debug|x64.ActiveCfg = Debug|Any CPU
		{418107C3-1274-4D92-A280-EBD40DF34D7B}.Debug|x64.Build.0 = Debug|Any CPU
		{418107C3-1274-4D92-A280-EBD40DF34D7B}.Debug|x86.ActiveCfg = Debug|Any CPU
		{418107C3-1274-4D92-A280-EBD40DF34D7B}.Debug|x86.Build.0 = Debug|Any CPU
		{418107C3-1274-4D92-A280-EBD40DF34D7B}.Release|Any CPU.ActiveCfg = Release|Any CPU
		{418107C3-1274-4D92-A280-EBD40DF34D7B}.Release|Any CPU.Build.0 = Release|Any CPU
		{418107C3-1274-4D92-A280-EBD40DF34D7B}.Release|x64.ActiveCfg = Release|Any CPU
		{418107C3-1274-4D92-A280-EBD40DF34D7B}.Release|x64.Build.0 = Release|Any CPU
		{418107C3-1274-4D92-A280-EBD40DF34D7B}.Release|x86.ActiveCfg = Release|Any CPU
		{418107C3-1274-4D92-A280-EBD40DF34D7B}.Release|x86.Build.0 = Release|Any CPU
	EndGlobalSection
	GlobalSection(NestedProjects) = preSolution
		{D8C2FBA0-3518-4300-98D4-7E0BE16E29DE} = {8A7B5F4F-9908-446B-AA37-4075C818ADEF}
		{6FF4E16B-6B32-4083-9F79-205CFB6F0C9F} = {8A7B5F4F-9908-446B-AA37-4075C818ADEF}
		{B7BAC8F4-FC79-478A-82C2-B405137D1ACC} = {8A7B5F4F-9908-446B-AA37-4075C818ADEF}
		{BA1C16B6-63ED-4DB2-B4DC-67934B7A9383} = {EBA1EFB7-B479-441D-A927-EFF3B3579E9E}
		{418107C3-1274-4D92-A280-EBD40DF34D7B} = {8A7B5F4F-9908-446B-AA37-4075C818ADEF}
	EndGlobalSection
EndGlobal
